
Microsoft Visual Studio Solution File, Format Version 12.00
# Visual Studio Version 16
VisualStudioVersion = 16.0.31729.503
MinimumVisualStudioVersion = 10.0.40219.1
Project("{FAE04EC0-301F-11D3-BF4B-00C04F79EFBC}") = "JokeWebApp", "JokeWebApp\JokeWebApp.csproj", "{113603A3-2131-4A32-9939-27D456ED88D8}"
EndProject
Global
	GlobalSection(SolutionConfigurationPlatforms) = preSolution
		Debug|Any CPU = Debug|Any CPU
		Release|Any CPU = Release|Any CPU
	EndGlobalSection
	GlobalSection(ProjectConfigurationPlatforms) = postSolution
		{113603A3-2131-4A32-9939-27D456ED88D8}.Debug|Any CPU.ActiveCfg = Debug|Any CPU
		{113603A3-2131-4A32-9939-27D456ED88D8}.Debug|Any CPU.Build.0 = Debug|Any CPU
		{113603A3-2131-4A32-9939-27D456ED88D8}.Release|Any CPU.ActiveCfg = Release|Any CPU
		{113603A3-2131-4A32-9939-27D456ED88D8}.Release|Any CPU.Build.0 = Release|Any CPU
	EndGlobalSection
	GlobalSection(SolutionProperties) = preSolution
		HideSolutionNode = FALSE
	EndGlobalSection
	GlobalSection(ExtensibilityGlobals) = postSolution
		SolutionGuid = {65FAF316-4D0F-4D3B-94C5-EA10D427D40D}
	EndGlobalSection
EndGlobal
